// !$*UTF8*$!
{
	archiveVersion = 1;
	classes = {
	};
	objectVersion = 46;
	objects = {

/* Begin PBXBuildFile section */
		16779AF81DED0F3F00555B6D /* main.m in Sources */ = {isa = PBXBuildFile; fileRef = 16779AF71DED0F3F00555B6D /* main.m */; };
		16779AFB1DED0F3F00555B6D /* AppDelegate.m in Sources */ = {isa = PBXBuildFile; fileRef = 16779AFA1DED0F3F00555B6D /* AppDelegate.m */; };
		16779AFE1DED0F3F00555B6D /* ViewController.m in Sources */ = {isa = PBXBuildFile; fileRef = 16779AFD1DED0F3F00555B6D /* ViewController.m */; };
		16779B011DED0F3F00555B6D /* Main.storyboard in Resources */ = {isa = PBXBuildFile; fileRef = 16779AFF1DED0F3F00555B6D /* Main.storyboard */; };
		16779B031DED0F3F00555B6D /* Assets.xcassets in Resources */ = {isa = PBXBuildFile; fileRef = 16779B021DED0F3F00555B6D /* Assets.xcassets */; };
		16779B061DED0F3F00555B6D /* LaunchScreen.storyboard in Resources */ = {isa = PBXBuildFile; fileRef = 16779B041DED0F3F00555B6D /* LaunchScreen.storyboard */; };
		16779B111DED0F3F00555B6D /* _____3D_____Tests.m in Sources */ = {isa = PBXBuildFile; fileRef = 16779B101DED0F3F00555B6D /* _____3D_____Tests.m */; };
		16779B1C1DED0F3F00555B6D /* _____3D_____UITests.m in Sources */ = {isa = PBXBuildFile; fileRef = 16779B1B1DED0F3F00555B6D /* _____3D_____UITests.m */; };
		16779B311DED0FE500555B6D /* ADMenuCollectionViewCell.m in Sources */ = {isa = PBXBuildFile; fileRef = 16779B301DED0FE500555B6D /* ADMenuCollectionViewCell.m */; };
		16779B341DED0FFB00555B6D /* ADCollectionViewLayout.m in Sources */ = {isa = PBXBuildFile; fileRef = 16779B331DED0FFB00555B6D /* ADCollectionViewLayout.m */; };
/* End PBXBuildFile section */

/* Begin PBXContainerItemProxy section */
		16779B0D1DED0F3F00555B6D /* PBXContainerItemProxy */ = {
			isa = PBXContainerItemProxy;
			containerPortal = 16779AEB1DED0F3F00555B6D /* Project object */;
			proxyType = 1;
			remoteGlobalIDString = 16779AF21DED0F3F00555B6D;
			remoteInfo = "图像滚筒(3D)浏览效果";
		};
		16779B181DED0F3F00555B6D /* PBXContainerItemProxy */ = {
			isa = PBXContainerItemProxy;
			containerPortal = 16779AEB1DED0F3F00555B6D /* Project object */;
			proxyType = 1;
			remoteGlobalIDString = 16779AF21DED0F3F00555B6D;
			remoteInfo = "图像滚筒(3D)浏览效果";
		};
/* End PBXContainerItemProxy section */

/* Begin PBXFileReference section */
		16779AF31DED0F3F00555B6D /* 图像滚筒(3D)浏览效果.app */ = {isa = PBXFileReference; explicitFileType = wrapper.application; includeInIndex = 0; path = "图像滚筒(3D)浏览效果.app"; sourceTree = BUILT_PRODUCTS_DIR; };
		16779AF71DED0F3F00555B6D /* main.m */ = {isa = PBXFileReference; lastKnownFileType = sourcecode.c.objc; path = main.m; sourceTree = "<group>"; };
		16779AF91DED0F3F00555B6D /* AppDelegate.h */ = {isa = PBXFileReference; lastKnownFileType = sourcecode.c.h; path = AppDelegate.h; sourceTree = "<group>"; };
		16779AFA1DED0F3F00555B6D /* AppDelegate.m */ = {isa = PBXFileReference; lastKnownFileType = sourcecode.c.objc; path = AppDelegate.m; sourceTree = "<group>"; };
		16779AFC1DED0F3F00555B6D /* ViewController.h */ = {isa = PBXFileReference; lastKnownFileType = sourcecode.c.h; path = ViewController.h; sourceTree = "<group>"; };
		16779AFD1DED0F3F00555B6D /* ViewController.m */ = {isa = PBXFileReference; lastKnownFileType = sourcecode.c.objc; path = ViewController.m; sourceTree = "<group>"; };
		16779B001DED0F3F00555B6D /* Base */ = {isa = PBXFileReference; lastKnownFileType = file.storyboard; name = Base; path = Base.lproj/Main.storyboard; sourceTree = "<group>"; };
		16779B021DED0F3F00555B6D /* Assets.xcassets */ = {isa = PBXFileReference; lastKnownFileType = folder.assetcatalog; path = Assets.xcassets; sourceTree = "<group>"; };
		16779B051DED0F3F00555B6D /* Base */ = {isa = PBXFileReference; lastKnownFileType = file.storyboard; name = Base; path = Base.lproj/LaunchScreen.storyboard; sourceTree = "<group>"; };
		16779B071DED0F3F00555B6D /* Info.plist */ = {isa = PBXFileReference; lastKnownFileType = text.plist.xml; path = Info.plist; sourceTree = "<group>"; };
		16779B0C1DED0F3F00555B6D /* 图像滚筒(3D)浏览效果Tests.xctest */ = {isa = PBXFileReference; explicitFileType = wrapper.cfbundle; includeInIndex = 0; path = "图像滚筒(3D)浏览效果Tests.xctest"; sourceTree = BUILT_PRODUCTS_DIR; };
		16779B101DED0F3F00555B6D /* _____3D_____Tests.m */ = {isa = PBXFileReference; lastKnownFileType = sourcecode.c.objc; path = "_____3D_____Tests.m"; sourceTree = "<group>"; };
		16779B121DED0F3F00555B6D /* Info.plist */ = {isa = PBXFileReference; lastKnownFileType = text.plist.xml; path = Info.plist; sourceTree = "<group>"; };
		16779B171DED0F3F00555B6D /* 图像滚筒(3D)浏览效果UITests.xctest */ = {isa = PBXFileReference; explicitFileType = wrapper.cfbundle; includeInIndex = 0; path = "图像滚筒(3D)浏览效果UITests.xctest"; sourceTree = BUILT_PRODUCTS_DIR; };
		16779B1B1DED0F3F00555B6D /* _____3D_____UITests.m */ = {isa = PBXFileReference; lastKnownFileType = sourcecode.c.objc; path = "_____3D_____UITests.m"; sourceTree = "<group>"; };
		16779B1D1DED0F3F00555B6D /* Info.plist */ = {isa = PBXFileReference; lastKnownFileType = text.plist.xml; path = Info.plist; sourceTree = "<group>"; };
		16779B2F1DED0FE500555B6D /* ADMenuCollectionViewCell.h */ = {isa = PBXFileReference; fileEncoding = 4; lastKnownFileType = sourcecode.c.h; path = ADMenuCollectionViewCell.h; sourceTree = "<group>"; };
		16779B301DED0FE500555B6D /* ADMenuCollectionViewCell.m */ = {isa = PBXFileReference; fileEncoding = 4; lastKnownFileType = sourcecode.c.objc; path = ADMenuCollectionViewCell.m; sourceTree = "<group>"; };
		16779B321DED0FFB00555B6D /* ADCollectionViewLayout.h */ = {isa = PBXFileReference; fileEncoding = 4; lastKnownFileType = sourcecode.c.h; path = ADCollectionViewLayout.h; sourceTree = "<group>"; };
		16779B331DED0FFB00555B6D /* ADCollectionViewLayout.m */ = {isa = PBXFileReference; fileEncoding = 4; lastKnownFileType = sourcecode.c.objc; path = ADCollectionViewLayout.m; sourceTree = "<group>"; };
/* End PBXFileReference section */

/* Begin PBXFrameworksBuildPhase section */
		16779AF01DED0F3F00555B6D /* Frameworks */ = {
			isa = PBXFrameworksBuildPhase;
			buildActionMask = 2147483647;
			files = (
			);
			runOnlyForDeploymentPostprocessing = 0;
		};
		16779B091DED0F3F00555B6D /* Frameworks */ = {
			isa = PBXFrameworksBuildPhase;
			buildActionMask = 2147483647;
			files = (
			);
			runOnlyForDeploymentPostprocessing = 0;
		};
		16779B141DED0F3F00555B6D /* Frameworks */ = {
			isa = PBXFrameworksBuildPhase;
			buildActionMask = 2147483647;
			files = (
			);
			runOnlyForDeploymentPostprocessing = 0;
		};
/* End PBXFrameworksBuildPhase section */

/* Begin PBXGroup section */
		16779AEA1DED0F3F00555B6D = {
			isa = PBXGroup;
			children = (
				16779AF51DED0F3F00555B6D /* 图像滚筒(3D)浏览效果 */,
				16779B0F1DED0F3F00555B6D /* 图像滚筒(3D)浏览效果Tests */,
				16779B1A1DED0F3F00555B6D /* 图像滚筒(3D)浏览效果UITests */,
				16779AF41DED0F3F00555B6D /* Products */,
			);
			sourceTree = "<group>";
		};
		16779AF41DED0F3F00555B6D /* Products */ = {
			isa = PBXGroup;
			children = (
				16779AF31DED0F3F00555B6D /* 图像滚筒(3D)浏览效果.app */,
				16779B0C1DED0F3F00555B6D /* 图像滚筒(3D)浏览效果Tests.xctest */,
				16779B171DED0F3F00555B6D /* 图像滚筒(3D)浏览效果UITests.xctest */,
			);
			name = Products;
			sourceTree = "<group>";
		};
		16779AF51DED0F3F00555B6D /* 图像滚筒(3D)浏览效果 */ = {
			isa = PBXGroup;
			children = (
				16779B2F1DED0FE500555B6D /* ADMenuCollectionViewCell.h */,
				16779B301DED0FE500555B6D /* ADMenuCollectionViewCell.m */,
				16779B321DED0FFB00555B6D /* ADCollectionViewLayout.h */,
				16779B331DED0FFB00555B6D /* ADCollectionViewLayout.m */,
				16779AF91DED0F3F00555B6D /* AppDelegate.h */,
				16779AFA1DED0F3F00555B6D /* AppDelegate.m */,
				16779AFC1DED0F3F00555B6D /* ViewController.h */,
				16779AFD1DED0F3F00555B6D /* ViewController.m */,
				16779AFF1DED0F3F00555B6D /* Main.storyboard */,
				16779B021DED0F3F00555B6D /* Assets.xcassets */,
				16779B041DED0F3F00555B6D /* LaunchScreen.storyboard */,
				16779B071DED0F3F00555B6D /* Info.plist */,
				16779AF61DED0F3F00555B6D /* Supporting Files */,
			);
			path = "图像滚筒(3D)浏览效果";
			sourceTree = "<group>";
		};
		16779AF61DED0F3F00555B6D /* Supporting Files */ = {
			isa = PBXGroup;
			children = (
				16779AF71DED0F3F00555B6D /* main.m */,
			);
			name = "Supporting Files";
			sourceTree = "<group>";
		};
		16779B0F1DED0F3F00555B6D /* 图像滚筒(3D)浏览效果Tests */ = {
			isa = PBXGroup;
			children = (
				16779B101DED0F3F00555B6D /* _____3D_____Tests.m */,
				16779B121DED0F3F00555B6D /* Info.plist */,
			);
			path = "图像滚筒(3D)浏览效果Tests";
			sourceTree = "<group>";
		};
		16779B1A1DED0F3F00555B6D /* 图像滚筒(3D)浏览效果UITests */ = {
			isa = PBXGroup;
			children = (
				16779B1B1DED0F3F00555B6D /* _____3D_____UITests.m */,
				16779B1D1DED0F3F00555B6D /* Info.plist */,
			);
			path = "图像滚筒(3D)浏览效果UITests";
			sourceTree = "<group>";
		};
/* End PBXGroup section */

/* Begin PBXNativeTarget section */
		16779AF21DED0F3F00555B6D /* 图像滚筒(3D)浏览效果 */ = {
			isa = PBXNativeTarget;
			buildConfigurationList = 16779B201DED0F3F00555B6D /* Build configuration list for PBXNativeTarget "图像滚筒(3D)浏览效果" */;
			buildPhases = (
				16779AEF1DED0F3F00555B6D /* Sources */,
				16779AF01DED0F3F00555B6D /* Frameworks */,
				16779AF11DED0F3F00555B6D /* Resources */,
			);
			buildRules = (
			);
			dependencies = (
			);
			name = "图像滚筒(3D)浏览效果";
			productName = "图像滚筒(3D)浏览效果";
			productReference = 16779AF31DED0F3F00555B6D /* 图像滚筒(3D)浏览效果.app */;
			productType = "com.apple.product-type.application";
		};
		16779B0B1DED0F3F00555B6D /* 图像滚筒(3D)浏览效果Tests */ = {
			isa = PBXNativeTarget;
			buildConfigurationList = 16779B231DED0F3F00555B6D /* Build configuration list for PBXNativeTarget "图像滚筒(3D)浏览效果Tests" */;
			buildPhases = (
				16779B081DED0F3F00555B6D /* Sources */,
				16779B091DED0F3F00555B6D /* Frameworks */,
				16779B0A1DED0F3F00555B6D /* Resources */,
			);
			buildRules = (
			);
			dependencies = (
				16779B0E1DED0F3F00555B6D /* PBXTargetDependency */,
			);
			name = "图像滚筒(3D)浏览效果Tests";
			productName = "图像滚筒(3D)浏览效果Tests";
			productReference = 16779B0C1DED0F3F00555B6D /* 图像滚筒(3D)浏览效果Tests.xctest */;
			productType = "com.apple.product-type.bundle.unit-test";
		};
		16779B161DED0F3F00555B6D /* 图像滚筒(3D)浏览效果UITests */ = {
			isa = PBXNativeTarget;
			buildConfigurationList = 16779B261DED0F3F00555B6D /* Build configuration list for PBXNativeTarget "图像滚筒(3D)浏览效果UITests" */;
			buildPhases = (
				16779B131DED0F3F00555B6D /* Sources */,
				16779B141DED0F3F00555B6D /* Frameworks */,
				16779B151DED0F3F00555B6D /* Resources */,
			);
			buildRules = (
			);
			dependencies = (
				16779B191DED0F3F00555B6D /* PBXTargetDependency */,
			);
			name = "图像滚筒(3D)浏览效果UITests";
			productName = "图像滚筒(3D)浏览效果UITests";
			productReference = 16779B171DED0F3F00555B6D /* 图像滚筒(3D)浏览效果UITests.xctest */;
			productType = "com.apple.product-type.bundle.ui-testing";
		};
/* End PBXNativeTarget section */

/* Begin PBXProject section */
		16779AEB1DED0F3F00555B6D /* Project object */ = {
			isa = PBXProject;
			attributes = {
				LastUpgradeCheck = 0730;
				ORGANIZATIONNAME = "王奥东";
				TargetAttributes = {
					16779AF21DED0F3F00555B6D = {
						CreatedOnToolsVersion = 7.3.1;
					};
					16779B0B1DED0F3F00555B6D = {
						CreatedOnToolsVersion = 7.3.1;
						TestTargetID = 16779AF21DED0F3F00555B6D;
					};
					16779B161DED0F3F00555B6D = {
						CreatedOnToolsVersion = 7.3.1;
						TestTargetID = 16779AF21DED0F3F00555B6D;
					};
				};
			};
			buildConfigurationList = 16779AEE1DED0F3F00555B6D /* Build configuration list for PBXProject "图像滚筒(3D)浏览效果" */;
			compatibilityVersion = "Xcode 3.2";
			developmentRegion = English;
			hasScannedForEncodings = 0;
			knownRegions = (
				en,
				Base,
			);
			mainGroup = 16779AEA1DED0F3F00555B6D;
			productRefGroup = 16779AF41DED0F3F00555B6D /* Products */;
			projectDirPath = "";
			projectRoot = "";
			targets = (
				16779AF21DED0F3F00555B6D /* 图像滚筒(3D)浏览效果 */,
				16779B0B1DED0F3F00555B6D /* 图像滚筒(3D)浏览效果Tests */,
				16779B161DED0F3F00555B6D /* 图像滚筒(3D)浏览效果UITests */,
			);
		};
/* End PBXProject section */

/* Begin PBXResourcesBuildPhase section */
		16779AF11DED0F3F00555B6D /* Resources */ = {
			isa = PBXResourcesBuildPhase;
			buildActionMask = 2147483647;
			files = (
				16779B061DED0F3F00555B6D /* LaunchScreen.storyboard in Resources */,
				16779B031DED0F3F00555B6D /* Assets.xcassets in Resources */,
				16779B011DED0F3F00555B6D /* Main.storyboard in Resources */,
			);
			runOnlyForDeploymentPostprocessing = 0;
		};
		16779B0A1DED0F3F00555B6D /* Resources */ = {
			isa = PBXResourcesBuildPhase;
			buildActionMask = 2147483647;
			files = (
			);
			runOnlyForDeploymentPostprocessing = 0;
		};
		16779B151DED0F3F00555B6D /* Resources */ = {
			isa = PBXResourcesBuildPhase;
			buildActionMask = 2147483647;
			files = (
			);
			runOnlyForDeploymentPostprocessing = 0;
		};
/* End PBXResourcesBuildPhase section */

/* Begin PBXSourcesBuildPhase section */
		16779AEF1DED0F3F00555B6D /* Sources */ = {
			isa = PBXSourcesBuildPhase;
			buildActionMask = 2147483647;
			files = (
				16779AFE1DED0F3F00555B6D /* ViewController.m in Sources */,
				16779AFB1DED0F3F00555B6D /* AppDelegate.m in Sources */,
				16779B341DED0FFB00555B6D /* ADCollectionViewLayout.m in Sources */,
				16779B311DED0FE500555B6D /* ADMenuCollectionViewCell.m in Sources */,
				16779AF81DED0F3F00555B6D /* main.m in Sources */,
			);
			runOnlyForDeploymentPostprocessing = 0;
		};
		16779B081DED0F3F00555B6D /* Sources */ = {
			isa = PBXSourcesBuildPhase;
			buildActionMask = 2147483647;
			files = (
				16779B111DED0F3F00555B6D /* _____3D_____Tests.m in Sources */,
			);
			runOnlyForDeploymentPostprocessing = 0;
		};
		16779B131DED0F3F00555B6D /* Sources */ = {
			isa = PBXSourcesBuildPhase;
			buildActionMask = 2147483647;
			files = (
				16779B1C1DED0F3F00555B6D /* _____3D_____UITests.m in Sources */,
			);
			runOnlyForDeploymentPostprocessing = 0;
		};
/* End PBXSourcesBuildPhase section */

/* Begin PBXTargetDependency section */
		16779B0E1DED0F3F00555B6D /* PBXTargetDependency */ = {
			isa = PBXTargetDependency;
			target = 16779AF21DED0F3F00555B6D /* 图像滚筒(3D)浏览效果 */;
			targetProxy = 16779B0D1DED0F3F00555B6D /* PBXContainerItemProxy */;
		};
		16779B191DED0F3F00555B6D /* PBXTargetDependency */ = {
			isa = PBXTargetDependency;
			target = 16779AF21DED0F3F00555B6D /* 图像滚筒(3D)浏览效果 */;
			targetProxy = 16779B181DED0F3F00555B6D /* PBXContainerItemProxy */;
		};
/* End PBXTargetDependency section */

/* Begin PBXVariantGroup section */
		16779AFF1DED0F3F00555B6D /* Main.storyboard */ = {
			isa = PBXVariantGroup;
			children = (
				16779B001DED0F3F00555B6D /* Base */,
			);
			name = Main.storyboard;
			sourceTree = "<group>";
		};
		16779B041DED0F3F00555B6D /* LaunchScreen.storyboard */ = {
			isa = PBXVariantGroup;
			children = (
				16779B051DED0F3F00555B6D /* Base */,
			);
			name = LaunchScreen.storyboard;
			sourceTree = "<group>";
		};
/* End PBXVariantGroup section */

/* Begin XCBuildConfiguration section */
		16779B1E1DED0F3F00555B6D /* Debug */ = {
			isa = XCBuildConfiguration;
			buildSettings = {
				ALWAYS_SEARCH_USER_PATHS = NO;
				CLANG_ANALYZER_NONNULL = YES;
				CLANG_CXX_LANGUAGE_STANDARD = "gnu++0x";
				CLANG_CXX_LIBRARY = "libc++";
				CLANG_ENABLE_MODULES = YES;
				CLANG_ENABLE_OBJC_ARC = YES;
				CLANG_WARN_BOOL_CONVERSION = YES;
				CLANG_WARN_CONSTANT_CONVERSION = YES;
				CLANG_WARN_DIRECT_OBJC_ISA_USAGE = YES_ERROR;
				CLANG_WARN_EMPTY_BODY = YES;
				CLANG_WARN_ENUM_CONVERSION = YES;
				CLANG_WARN_INT_CONVERSION = YES;
				CLANG_WARN_OBJC_ROOT_CLASS = YES_ERROR;
				CLANG_WARN_UNREACHABLE_CODE = YES;
				CLANG_WARN__DUPLICATE_METHOD_MATCH = YES;
				"CODE_SIGN_IDENTITY[sdk=iphoneos*]" = "iPhone Developer";
				COPY_PHASE_STRIP = NO;
				DEBUG_INFORMATION_FORMAT = dwarf;
				ENABLE_STRICT_OBJC_MSGSEND = YES;
				ENABLE_TESTABILITY = YES;
				GCC_C_LANGUAGE_STANDARD = gnu99;
				GCC_DYNAMIC_NO_PIC = NO;
				GCC_NO_COMMON_BLOCKS = YES;
				GCC_OPTIMIZATION_LEVEL = 0;
				GCC_PREPROCESSOR_DEFINITIONS = (
					"DEBUG=1",
					"$(inherited)",
				);
				GCC_WARN_64_TO_32_BIT_CONVERSION = YES;
				GCC_WARN_ABOUT_RETURN_TYPE = YES_ERROR;
				GCC_WARN_UNDECLARED_SELECTOR = YES;
				GCC_WARN_UNINITIALIZED_AUTOS = YES_AGGRESSIVE;
				GCC_WARN_UNUSED_FUNCTION = YES;
				GCC_WARN_UNUSED_VARIABLE = YES;
				IPHONEOS_DEPLOYMENT_TARGET = 9.3;
				MTL_ENABLE_DEBUG_INFO = YES;
				ONLY_ACTIVE_ARCH = YES;
				SDKROOT = iphoneos;
				TARGETED_DEVICE_FAMILY = "1,2";
			};
			name = Debug;
		};
		16779B1F1DED0F3F00555B6D /* Release */ = {
			isa = XCBuildConfiguration;
			buildSettings = {
				ALWAYS_SEARCH_USER_PATHS = NO;
				CLANG_ANALYZER_NONNULL = YES;
				CLANG_CXX_LANGUAGE_STANDARD = "gnu++0x";
				CLANG_CXX_LIBRARY = "libc++";
				CLANG_ENABLE_MODULES = YES;
				CLANG_ENABLE_OBJC_ARC = YES;
				CLANG_WARN_BOOL_CONVERSION = YES;
				CLANG_WARN_CONSTANT_CONVERSION = YES;
				CLANG_WARN_DIRECT_OBJC_ISA_USAGE = YES_ERROR;
				CLANG_WARN_EMPTY_BODY = YES;
				CLANG_WARN_ENUM_CONVERSION = YES;
				CLANG_WARN_INT_CONVERSION = YES;
				CLANG_WARN_OBJC_ROOT_CLASS = YES_ERROR;
				CLANG_WARN_UNREACHABLE_CODE = YES;
				CLANG_WARN__DUPLICATE_METHOD_MATCH = YES;
				"CODE_SIGN_IDENTITY[sdk=iphoneos*]" = "iPhone Developer";
				COPY_PHASE_STRIP = NO;
				DEBUG_INFORMATION_FORMAT = "dwarf-with-dsym";
				ENABLE_NS_ASSERTIONS = NO;
				ENABLE_STRICT_OBJC_MSGSEND = YES;
				GCC_C_LANGUAGE_STANDARD = gnu99;
				GCC_NO_COMMON_BLOCKS = YES;
				GCC_WARN_64_TO_32_BIT_CONVERSION = YES;
				GCC_WARN_ABOUT_RETURN_TYPE = YES_ERROR;
				GCC_WARN_UNDECLARED_SELECTOR = YES;
				GCC_WARN_UNINITIALIZED_AUTOS = YES_AGGRESSIVE;
				GCC_WARN_UNUSED_FUNCTION = YES;
				GCC_WARN_UNUSED_VARIABLE = YES;
				IPHONEOS_DEPLOYMENT_TARGET = 9.3;
				MTL_ENABLE_DEBUG_INFO = NO;
				SDKROOT = iphoneos;
				TARGETED_DEVICE_FAMILY = "1,2";
				VALIDATE_PRODUCT = YES;
			};
			name = Release;
		};
		16779B211DED0F3F00555B6D /* Debug */ = {
			isa = XCBuildConfiguration;
			buildSettings = {
				ASSETCATALOG_COMPILER_APPICON_NAME = AppIcon;
				INFOPLIST_FILE = "图像滚筒(3D)浏览效果/Info.plist";
				LD_RUNPATH_SEARCH_PATHS = "$(inherited) @executable_path/Frameworks";
				PRODUCT_BUNDLE_IDENTIFIER = "com.aodong.-----3D-----";
				PRODUCT_NAME = "$(TARGET_NAME)";
			};
			name = Debug;
		};
		16779B221DED0F3F00555B6D /* Release */ = {
			isa = XCBuildConfiguration;
			buildSettings = {
				ASSETCATALOG_COMPILER_APPICON_NAME = AppIcon;
				INFOPLIST_FILE = "图像滚筒(3D)浏览效果/Info.plist";
				LD_RUNPATH_SEARCH_PATHS = "$(inherited) @executable_path/Frameworks";
				PRODUCT_BUNDLE_IDENTIFIER = "com.aodong.-----3D-----";
				PRODUCT_NAME = "$(TARGET_NAME)";
			};
			name = Release;
		};
		16779B241DED0F3F00555B6D /* Debug */ = {
			isa = XCBuildConfiguration;
			buildSettings = {
				BUNDLE_LOADER = "$(TEST_HOST)";
				INFOPLIST_FILE = "图像滚筒(3D)浏览效果Tests/Info.plist";
				LD_RUNPATH_SEARCH_PATHS = "$(inherited) @executable_path/Frameworks @loader_path/Frameworks";
				PRODUCT_BUNDLE_IDENTIFIER = "com.aodong.-----3D-----Tests";
				PRODUCT_NAME = "$(TARGET_NAME)";
				TEST_HOST = "$(BUILT_PRODUCTS_DIR)/图像滚筒(3D)浏览效果.app/图像滚筒(3D)浏览效果";
			};
			name = Debug;
		};
		16779B251DED0F3F00555B6D /* Release */ = {
			isa = XCBuildConfiguration;
			buildSettings = {
				BUNDLE_LOADER = "$(TEST_HOST)";
				INFOPLIST_FILE = "图像滚筒(3D)浏览效果Tests/Info.plist";
				LD_RUNPATH_SEARCH_PATHS = "$(inherited) @executable_path/Frameworks @loader_path/Frameworks";
				PRODUCT_BUNDLE_IDENTIFIER = "com.aodong.-----3D-----Tests";
				PRODUCT_NAME = "$(TARGET_NAME)";
				TEST_HOST = "$(BUILT_PRODUCTS_DIR)/图像滚筒(3D)浏览效果.app/图像滚筒(3D)浏览效果";
			};
			name = Release;
		};
		16779B271DED0F3F00555B6D /* Debug */ = {
			isa = XCBuildConfiguration;
			buildSettings = {
				INFOPLIST_FILE = "图像滚筒(3D)浏览效果UITests/Info.plist";
				LD_RUNPATH_SEARCH_PATHS = "$(inherited) @executable_path/Frameworks @loader_path/Frameworks";
				PRODUCT_BUNDLE_IDENTIFIER = "com.aodong.-----3D-----UITests";
				PRODUCT_NAME = "$(TARGET_NAME)";
				TEST_TARGET_NAME = "图像滚筒(3D)浏览效果";
			};
			name = Debug;
		};
		16779B281DED0F3F00555B6D /* Release */ = {
			isa = XCBuildConfiguration;
			buildSettings = {
				INFOPLIST_FILE = "图像滚筒(3D)浏览效果UITests/Info.plist";
				LD_RUNPATH_SEARCH_PATHS = "$(inherited) @executable_path/Frameworks @loader_path/Frameworks";
				PRODUCT_BUNDLE_IDENTIFIER = "com.aodong.-----3D-----UITests";
				PRODUCT_NAME = "$(TARGET_NAME)";
				TEST_TARGET_NAME = "图像滚筒(3D)浏览效果";
			};
			name = Release;
		};
/* End XCBuildConfiguration section */

/* Begin XCConfigurationList section */
		16779AEE1DED0F3F00555B6D /* Build configuration list for PBXProject "图像滚筒(3D)浏览效果" */ = {
			isa = XCConfigurationList;
			buildConfigurations = (
				16779B1E1DED0F3F00555B6D /* Debug */,
				16779B1F1DED0F3F00555B6D /* Release */,
			);
			defaultConfigurationIsVisible = 0;
			defaultConfigurationName = Release;
		};
		16779B201DED0F3F00555B6D /* Build configuration list for PBXNativeTarget "图像滚筒(3D)浏览效果" */ = {
			isa = XCConfigurationList;
			buildConfigurations = (
				16779B211DED0F3F00555B6D /* Debug */,
				16779B221DED0F3F00555B6D /* Release */,
			);
			defaultConfigurationIsVisible = 0;
		};
		16779B231DED0F3F00555B6D /* Build configuration list for PBXNativeTarget "图像滚筒(3D)浏览效果Tests" */ = {
			isa = XCConfigurationList;
			buildConfigurations = (
				16779B241DED0F3F00555B6D /* Debug */,
				16779B251DED0F3F00555B6D /* Release */,
			);
			defaultConfigurationIsVisible = 0;
		};
		16779B261DED0F3F00555B6D /* Build configuration list for PBXNativeTarget "图像滚筒(3D)浏览效果UITests" */ = {
			isa = XCConfigurationList;
			buildConfigurations = (
				16779B271DED0F3F00555B6D /* Debug */,
				16779B281DED0F3F00555B6D /* Release */,
			);
			defaultConfigurationIsVisible = 0;
		};
/* End XCConfigurationList section */
	};
	rootObject = 16779AEB1DED0F3F00555B6D /* Project object */;
}
